# This file is automatically @generated by Cargo.
# It is not intended for manual editing.
version = 4

[[package]]
name = "ferrix-assembler"
version = "0.1.0"
dependencies = [
 "ferrix-core",
 "ferrix-vm",
]

[[package]]
name = "ferrix-benchmarks"
version = "0.1.0"
dependencies = [
 "ferrix-compiler",
 "ferrix-core",
 "ferrix-stdlib",
 "ferrix-vm",
]

[[package]]
name = "ferrix-cli"
version = "0.1.0"
dependencies = [
 "ferrix-compiler",
 "ferrix-core",
 "ferrix-runtime",
 "ferrix-stdlib",
 "ferrix-vm",
]

[[package]]
name = "ferrix-compiler"
version = "0.1.0"
dependencies = [
 "ferrix-core",
 "ferrix-stdlib",
 "ferrix-vm",
]

[[package]]
name = "ferrix-core"
version = "0.1.0"

[[package]]
name = "ferrix-runtime"
version = "0.1.0"
dependencies = [
 "ferrix-compiler",
 "ferrix-core",
 "ferrix-stdlib",
 "ferrix-vm",
]

[[package]]
name = "ferrix-stdlib"
version = "0.1.0"
dependencies = [
 "ferrix-core",
 "ferrix-vm",
]

[[package]]
name = "ferrix-vm"
version = "0.1.0"
dependencies = [
 "ferrix-core",
]
